
Microsoft Visual Studio Solution File, Format Version 12.00
# Visual Studio Version 17
VisualStudioVersion = 17.4.33122.133
MinimumVisualStudioVersion = 10.0.40219.1
Project("{8BC9CEB8-8B4A-11D0-8D11-00A0C91BC942}") = "Игра коробка", "Игра коробка\Игра коробка.vcxproj", "{421F0E6E-B5B3-4621-89C4-C75CFA1AE2AB}"
EndProject
Global
	GlobalSection(SolutionConfigurationPlatforms) = preSolution
		Debug|x64 = Debug|x64
		Debug|x86 = Debug|x86
		Release|x64 = Release|x64
		Release|x86 = Release|x86
	EndGlobalSection
	GlobalSection(ProjectConfigurationPlatforms) = postSolution
		{421F0E6E-B5B3-4621-89C4-C75CFA1AE2AB}.Debug|x64.ActiveCfg = Debug|x64
		{421F0E6E-B5B3-4621-89C4-C75CFA1AE2AB}.Debug|x64.Build.0 = Debug|x64
		{421F0E6E-B5B3-4621-89C4-C75CFA1AE2AB}.Debug|x86.ActiveCfg = Debug|Win32
		{421F0E6E-B5B3-4621-89C4-C75CFA1AE2AB}.Debug|x86.Build.0 = Debug|Win32
		{421F0E6E-B5B3-4621-89C4-C75CFA1AE2AB}.Release|x64.ActiveCfg = Release|x64
		{421F0E6E-B5B3-4621-89C4-C75CFA1AE2AB}.Release|x64.Build.0 = Release|x64
		{421F0E6E-B5B3-4621-89C4-C75CFA1AE2AB}.Release|x86.ActiveCfg = Release|Win32
		{421F0E6E-B5B3-4621-89C4-C75CFA1AE2AB}.Release|x86.Build.0 = Release|Win32
	EndGlobalSection
	GlobalSection(SolutionProperties) = preSolution
		HideSolutionNode = FALSE
	EndGlobalSection
	GlobalSection(ExtensibilityGlobals) = postSolution
		SolutionGuid = {E215FEC7-955E-44AB-BA39-37DFA1BA2CF8}
	EndGlobalSection
EndGlobal
